PODS:
  - ModernCoordinator (0.0.1)

DEPENDENCIES:
  - ModernCoordinator (from `../`)

EXTERNAL SOURCES:
  ModernCoordinator:
    :path: "../"

SPEC CHECKSUMS:
  ModernCoordinator: 26ce2dadf1529fbc9a9c37d5291c7f45fde78a7a

PODFILE CHECKSUM: beac5da20cbba9d13ca19b0aa2da3d5a6069b47c

COCOAPODS: 1.11.2
