PODS:
  - ModernCoordinator (0.0.2)

DEPENDENCIES:
  - ModernCoordinator (from `../`)

EXTERNAL SOURCES:
  ModernCoordinator:
    :path: "../"

SPEC CHECKSUMS:
  ModernCoordinator: b4c315dff56bf22a70016371fb81793606734189

PODFILE CHECKSUM: beac5da20cbba9d13ca19b0aa2da3d5a6069b47c

COCOAPODS: 1.11.2
