PODS:
  - ModernCoordinator (0.0.3)

DEPENDENCIES:
  - ModernCoordinator (from `../`)

EXTERNAL SOURCES:
  ModernCoordinator:
    :path: "../"

SPEC CHECKSUMS:
  ModernCoordinator: ca0499b0e8718f2028465d14ae28e5db3c261e59

PODFILE CHECKSUM: beac5da20cbba9d13ca19b0aa2da3d5a6069b47c

COCOAPODS: 1.11.2
